// !$*UTF8*$!
{
	archiveVersion = 1;
	classes = {
	};
	objectVersion = 46;
	objects = {

/* Begin PBXBuildFile section */
		CA1B3FF41A13F8C6005CAC24 /* PKPoint.m in Sources */ = {isa = PBXBuildFile; fileRef = CA1B3FF31A13F8C6005CAC24 /* PKPoint.m */; };
		CA1B3FF81A13F971005CAC24 /* PKNumber.m in Sources */ = {isa = PBXBuildFile; fileRef = CA1B3FF71A13F971005CAC24 /* PKNumber.m */; };
		CA1B3FFE1A1452A1005CAC24 /* PKErrorBar.m in Sources */ = {isa = PBXBuildFile; fileRef = CA1B3FFD1A1452A1005CAC24 /* PKErrorBar.m */; };
		CA1B40021A157BD7005CAC24 /* ErrorBarSample.m in Sources */ = {isa = PBXBuildFile; fileRef = CA1B40011A157BD7005CAC24 /* ErrorBarSample.m */; };
		CA3E6C1E1A12DFF7000D2A2D /* Foundation.framework in Frameworks */ = {isa = PBXBuildFile; fileRef = CA3E6C1D1A12DFF7000D2A2D /* Foundation.framework */; };
		CA3E6C201A12E001000D2A2D /* CoreGraphics.framework in Frameworks */ = {isa = PBXBuildFile; fileRef = CA3E6C1F1A12E001000D2A2D /* CoreGraphics.framework */; };
		CA67DEA71A1650B800DC7C33 /* PKErrorBarGroup.m in Sources */ = {isa = PBXBuildFile; fileRef = CA67DEA61A1650B800DC7C33 /* PKErrorBarGroup.m */; };
		CA67DEAA1A165D5700DC7C33 /* ErrorBarGroupSample.m in Sources */ = {isa = PBXBuildFile; fileRef = CA67DEA91A165D5700DC7C33 /* ErrorBarGroupSample.m */; };
		CA9C83291A12AE9C007A116E /* main.m in Sources */ = {isa = PBXBuildFile; fileRef = CA9C83281A12AE9C007A116E /* main.m */; };
		CA9C832C1A12AE9C007A116E /* AppDelegate.m in Sources */ = {isa = PBXBuildFile; fileRef = CA9C832B1A12AE9C007A116E /* AppDelegate.m */; };
		CA9C83321A12AE9C007A116E /* Main.storyboard in Resources */ = {isa = PBXBuildFile; fileRef = CA9C83301A12AE9C007A116E /* Main.storyboard */; };
		CA9C83341A12AE9C007A116E /* Images.xcassets in Resources */ = {isa = PBXBuildFile; fileRef = CA9C83331A12AE9C007A116E /* Images.xcassets */; };
		CA9C83371A12AE9C007A116E /* LaunchScreen.xib in Resources */ = {isa = PBXBuildFile; fileRef = CA9C83351A12AE9C007A116E /* LaunchScreen.xib */; };
		CA9C83431A12AE9C007A116E /* M13PlotKitTests.m in Sources */ = {isa = PBXBuildFile; fileRef = CA9C83421A12AE9C007A116E /* M13PlotKitTests.m */; };
/* End PBXBuildFile section */

/* Begin PBXContainerItemProxy section */
		CA9C833D1A12AE9C007A116E /* PBXContainerItemProxy */ = {
			isa = PBXContainerItemProxy;
			containerPortal = CA9C831B1A12AE9C007A116E /* Project object */;
			proxyType = 1;
			remoteGlobalIDString = CA9C83221A12AE9C007A116E;
			remoteInfo = M13PlotKit;
		};
/* End PBXContainerItemProxy section */

/* Begin PBXFileReference section */
		CA1B3FF21A13F8C5005CAC24 /* PKPoint.h */ = {isa = PBXFileReference; fileEncoding = 4; lastKnownFileType = sourcecode.c.h; name = PKPoint.h; path = Classes/Structures/PKPoint.h; sourceTree = SOURCE_ROOT; };
		CA1B3FF31A13F8C6005CAC24 /* PKPoint.m */ = {isa = PBXFileReference; fileEncoding = 4; lastKnownFileType = sourcecode.c.objc; name = PKPoint.m; path = Classes/Structures/PKPoint.m; sourceTree = SOURCE_ROOT; };
		CA1B3FF61A13F971005CAC24 /* PKNumber.h */ = {isa = PBXFileReference; fileEncoding = 4; lastKnownFileType = sourcecode.c.h; name = PKNumber.h; path = Classes/Structures/PKNumber.h; sourceTree = SOURCE_ROOT; };
		CA1B3FF71A13F971005CAC24 /* PKNumber.m */ = {isa = PBXFileReference; fileEncoding = 4; lastKnownFileType = sourcecode.c.objc; name = PKNumber.m; path = Classes/Structures/PKNumber.m; sourceTree = SOURCE_ROOT; };
		CA1B3FFC1A1452A1005CAC24 /* PKErrorBar.h */ = {isa = PBXFileReference; fileEncoding = 4; lastKnownFileType = sourcecode.c.h; name = PKErrorBar.h; path = Classes/Points/PKErrorBar.h; sourceTree = SOURCE_ROOT; };
		CA1B3FFD1A1452A1005CAC24 /* PKErrorBar.m */ = {isa = PBXFileReference; fileEncoding = 4; lastKnownFileType = sourcecode.c.objc; name = PKErrorBar.m; path = Classes/Points/PKErrorBar.m; sourceTree = SOURCE_ROOT; };
		CA1B40001A157BD7005CAC24 /* ErrorBarSample.h */ = {isa = PBXFileReference; fileEncoding = 4; lastKnownFileType = sourcecode.c.h; path = ErrorBarSample.h; sourceTree = "<group>"; };
		CA1B40011A157BD7005CAC24 /* ErrorBarSample.m */ = {isa = PBXFileReference; fileEncoding = 4; lastKnownFileType = sourcecode.c.objc; path = ErrorBarSample.m; sourceTree = "<group>"; };
		CA3E6C1D1A12DFF7000D2A2D /* Foundation.framework */ = {isa = PBXFileReference; lastKnownFileType = wrapper.framework; name = Foundation.framework; path = System/Library/Frameworks/Foundation.framework; sourceTree = SDKROOT; };
		CA3E6C1F1A12E001000D2A2D /* CoreGraphics.framework */ = {isa = PBXFileReference; lastKnownFileType = wrapper.framework; name = CoreGraphics.framework; path = System/Library/Frameworks/CoreGraphics.framework; sourceTree = SDKROOT; };
		CA67DEA51A1650B800DC7C33 /* PKErrorBarGroup.h */ = {isa = PBXFileReference; fileEncoding = 4; lastKnownFileType = sourcecode.c.h; name = PKErrorBarGroup.h; path = Classes/Points/PKErrorBarGroup.h; sourceTree = SOURCE_ROOT; };
		CA67DEA61A1650B800DC7C33 /* PKErrorBarGroup.m */ = {isa = PBXFileReference; fileEncoding = 4; lastKnownFileType = sourcecode.c.objc; name = PKErrorBarGroup.m; path = Classes/Points/PKErrorBarGroup.m; sourceTree = SOURCE_ROOT; };
		CA67DEA81A165D5700DC7C33 /* ErrorBarGroupSample.h */ = {isa = PBXFileReference; fileEncoding = 4; lastKnownFileType = sourcecode.c.h; path = ErrorBarGroupSample.h; sourceTree = "<group>"; };
		CA67DEA91A165D5700DC7C33 /* ErrorBarGroupSample.m */ = {isa = PBXFileReference; fileEncoding = 4; lastKnownFileType = sourcecode.c.objc; path = ErrorBarGroupSample.m; sourceTree = "<group>"; };
		CA9C83231A12AE9C007A116E /* M13PlotKit.app */ = {isa = PBXFileReference; explicitFileType = wrapper.application; includeInIndex = 0; path = M13PlotKit.app; sourceTree = BUILT_PRODUCTS_DIR; };
		CA9C83271A12AE9C007A116E /* Info.plist */ = {isa = PBXFileReference; lastKnownFileType = text.plist.xml; path = Info.plist; sourceTree = "<group>"; };
		CA9C83281A12AE9C007A116E /* main.m */ = {isa = PBXFileReference; lastKnownFileType = sourcecode.c.objc; path = main.m; sourceTree = "<group>"; };
		CA9C832A1A12AE9C007A116E /* AppDelegate.h */ = {isa = PBXFileReference; lastKnownFileType = sourcecode.c.h; path = AppDelegate.h; sourceTree = "<group>"; };
		CA9C832B1A12AE9C007A116E /* AppDelegate.m */ = {isa = PBXFileReference; lastKnownFileType = sourcecode.c.objc; path = AppDelegate.m; sourceTree = "<group>"; };
		CA9C83311A12AE9C007A116E /* Base */ = {isa = PBXFileReference; lastKnownFileType = file.storyboard; name = Base; path = Base.lproj/Main.storyboard; sourceTree = "<group>"; };
		CA9C83331A12AE9C007A116E /* Images.xcassets */ = {isa = PBXFileReference; lastKnownFileType = folder.assetcatalog; path = Images.xcassets; sourceTree = "<group>"; };
		CA9C83361A12AE9C007A116E /* Base */ = {isa = PBXFileReference; lastKnownFileType = file.xib; name = Base; path = Base.lproj/LaunchScreen.xib; sourceTree = "<group>"; };
		CA9C833C1A12AE9C007A116E /* M13PlotKitTests.xctest */ = {isa = PBXFileReference; explicitFileType = wrapper.cfbundle; includeInIndex = 0; path = M13PlotKitTests.xctest; sourceTree = BUILT_PRODUCTS_DIR; };
		CA9C83411A12AE9C007A116E /* Info.plist */ = {isa = PBXFileReference; lastKnownFileType = text.plist.xml; path = Info.plist; sourceTree = "<group>"; };
		CA9C83421A12AE9C007A116E /* M13PlotKitTests.m */ = {isa = PBXFileReference; lastKnownFileType = sourcecode.c.objc; path = M13PlotKitTests.m; sourceTree = "<group>"; };
/* End PBXFileReference section */

/* Begin PBXFrameworksBuildPhase section */
		CA9C83201A12AE9C007A116E /* Frameworks */ = {
			isa = PBXFrameworksBuildPhase;
			buildActionMask = 2147483647;
			files = (
				CA3E6C201A12E001000D2A2D /* CoreGraphics.framework in Frameworks */,
				CA3E6C1E1A12DFF7000D2A2D /* Foundation.framework in Frameworks */,
			);
			runOnlyForDeploymentPostprocessing = 0;
		};
		CA9C83391A12AE9C007A116E /* Frameworks */ = {
			isa = PBXFrameworksBuildPhase;
			buildActionMask = 2147483647;
			files = (
			);
			runOnlyForDeploymentPostprocessing = 0;
		};
/* End PBXFrameworksBuildPhase section */

/* Begin PBXGroup section */
		CA1B3FF51A13F8D4005CAC24 /* Structures */ = {
			isa = PBXGroup;
			children = (
				CA1B3FF61A13F971005CAC24 /* PKNumber.h */,
				CA1B3FF71A13F971005CAC24 /* PKNumber.m */,
				CA1B3FF21A13F8C5005CAC24 /* PKPoint.h */,
				CA1B3FF31A13F8C6005CAC24 /* PKPoint.m */,
			);
			name = Structures;
			sourceTree = "<group>";
		};
		CA1B3FFF1A157BB8005CAC24 /* Examples */ = {
			isa = PBXGroup;
			children = (
				CA1B40001A157BD7005CAC24 /* ErrorBarSample.h */,
				CA1B40011A157BD7005CAC24 /* ErrorBarSample.m */,
				CA67DEA81A165D5700DC7C33 /* ErrorBarGroupSample.h */,
				CA67DEA91A165D5700DC7C33 /* ErrorBarGroupSample.m */,
			);
			name = Examples;
			sourceTree = "<group>";
		};
		CA3E6C141A12D9D2000D2A2D /* Classes */ = {
			isa = PBXGroup;
			children = (
				CA1B3FF51A13F8D4005CAC24 /* Structures */,
				CA3E6C151A12D9E4000D2A2D /* Points */,
			);
			name = Classes;
			sourceTree = "<group>";
		};
		CA3E6C151A12D9E4000D2A2D /* Points */ = {
			isa = PBXGroup;
			children = (
				CA1B3FFC1A1452A1005CAC24 /* PKErrorBar.h */,
				CA1B3FFD1A1452A1005CAC24 /* PKErrorBar.m */,
				CA67DEA51A1650B800DC7C33 /* PKErrorBarGroup.h */,
				CA67DEA61A1650B800DC7C33 /* PKErrorBarGroup.m */,
			);
			name = Points;
			sourceTree = "<group>";
		};
		CA3E6C211A12E009000D2A2D /* Frameworks */ = {
			isa = PBXGroup;
			children = (
				CA3E6C1F1A12E001000D2A2D /* CoreGraphics.framework */,
				CA3E6C1D1A12DFF7000D2A2D /* Foundation.framework */,
			);
			name = Frameworks;
			path = M13PlotKit;
			sourceTree = "<group>";
		};
		CA9C831A1A12AE9B007A116E = {
			isa = PBXGroup;
			children = (
				CA9C83251A12AE9C007A116E /* M13PlotKit */,
				CA3E6C211A12E009000D2A2D /* Frameworks */,
				CA9C833F1A12AE9C007A116E /* M13PlotKitTests */,
				CA9C83241A12AE9C007A116E /* Products */,
			);
			sourceTree = "<group>";
		};
		CA9C83241A12AE9C007A116E /* Products */ = {
			isa = PBXGroup;
			children = (
				CA9C83231A12AE9C007A116E /* M13PlotKit.app */,
				CA9C833C1A12AE9C007A116E /* M13PlotKitTests.xctest */,
			);
			name = Products;
			sourceTree = "<group>";
		};
		CA9C83251A12AE9C007A116E /* M13PlotKit */ = {
			isa = PBXGroup;
			children = (
				CA3E6C141A12D9D2000D2A2D /* Classes */,
				CA9C832A1A12AE9C007A116E /* AppDelegate.h */,
				CA9C832B1A12AE9C007A116E /* AppDelegate.m */,
				CA1B3FFF1A157BB8005CAC24 /* Examples */,
				CA9C83301A12AE9C007A116E /* Main.storyboard */,
				CA9C83331A12AE9C007A116E /* Images.xcassets */,
				CA9C83351A12AE9C007A116E /* LaunchScreen.xib */,
				CA9C83261A12AE9C007A116E /* Supporting Files */,
			);
			path = M13PlotKit;
			sourceTree = "<group>";
		};
		CA9C83261A12AE9C007A116E /* Supporting Files */ = {
			isa = PBXGroup;
			children = (
				CA9C83271A12AE9C007A116E /* Info.plist */,
				CA9C83281A12AE9C007A116E /* main.m */,
			);
			name = "Supporting Files";
			sourceTree = "<group>";
		};
		CA9C833F1A12AE9C007A116E /* M13PlotKitTests */ = {
			isa = PBXGroup;
			children = (
				CA9C83421A12AE9C007A116E /* M13PlotKitTests.m */,
				CA9C83401A12AE9C007A116E /* Supporting Files */,
			);
			path = M13PlotKitTests;
			sourceTree = "<group>";
		};
		CA9C83401A12AE9C007A116E /* Supporting Files */ = {
			isa = PBXGroup;
			children = (
				CA9C83411A12AE9C007A116E /* Info.plist */,
			);
			name = "Supporting Files";
			sourceTree = "<group>";
		};
/* End PBXGroup section */

/* Begin PBXNativeTarget section */
		CA9C83221A12AE9C007A116E /* M13PlotKit */ = {
			isa = PBXNativeTarget;
			buildConfigurationList = CA9C83461A12AE9C007A116E /* Build configuration list for PBXNativeTarget "M13PlotKit" */;
			buildPhases = (
				CA9C831F1A12AE9C007A116E /* Sources */,
				CA9C83201A12AE9C007A116E /* Frameworks */,
				CA9C83211A12AE9C007A116E /* Resources */,
			);
			buildRules = (
			);
			dependencies = (
			);
			name = M13PlotKit;
			productName = M13PlotKit;
			productReference = CA9C83231A12AE9C007A116E /* M13PlotKit.app */;
			productType = "com.apple.product-type.application";
		};
		CA9C833B1A12AE9C007A116E /* M13PlotKitTests */ = {
			isa = PBXNativeTarget;
			buildConfigurationList = CA9C83491A12AE9C007A116E /* Build configuration list for PBXNativeTarget "M13PlotKitTests" */;
			buildPhases = (
				CA9C83381A12AE9C007A116E /* Sources */,
				CA9C83391A12AE9C007A116E /* Frameworks */,
				CA9C833A1A12AE9C007A116E /* Resources */,
			);
			buildRules = (
			);
			dependencies = (
				CA9C833E1A12AE9C007A116E /* PBXTargetDependency */,
			);
			name = M13PlotKitTests;
			productName = M13PlotKitTests;
			productReference = CA9C833C1A12AE9C007A116E /* M13PlotKitTests.xctest */;
			productType = "com.apple.product-type.bundle.unit-test";
		};
/* End PBXNativeTarget section */

/* Begin PBXProject section */
		CA9C831B1A12AE9C007A116E /* Project object */ = {
			isa = PBXProject;
			attributes = {
				LastUpgradeCheck = 0610;
				ORGANIZATIONNAME = BrandonMcQuilkin;
				TargetAttributes = {
					CA9C83221A12AE9C007A116E = {
						CreatedOnToolsVersion = 6.1;
					};
					CA9C833B1A12AE9C007A116E = {
						CreatedOnToolsVersion = 6.1;
						TestTargetID = CA9C83221A12AE9C007A116E;
					};
				};
			};
			buildConfigurationList = CA9C831E1A12AE9C007A116E /* Build configuration list for PBXProject "M13PlotKit" */;
			compatibilityVersion = "Xcode 3.2";
			developmentRegion = English;
			hasScannedForEncodings = 0;
			knownRegions = (
				en,
				Base,
			);
			mainGroup = CA9C831A1A12AE9B007A116E;
			productRefGroup = CA9C83241A12AE9C007A116E /* Products */;
			projectDirPath = "";
			projectRoot = "";
			targets = (
				CA9C83221A12AE9C007A116E /* M13PlotKit */,
				CA9C833B1A12AE9C007A116E /* M13PlotKitTests */,
			);
		};
/* End PBXProject section */

/* Begin PBXResourcesBuildPhase section */
		CA9C83211A12AE9C007A116E /* Resources */ = {
			isa = PBXResourcesBuildPhase;
			buildActionMask = 2147483647;
			files = (
				CA9C83321A12AE9C007A116E /* Main.storyboard in Resources */,
				CA9C83371A12AE9C007A116E /* LaunchScreen.xib in Resources */,
				CA9C83341A12AE9C007A116E /* Images.xcassets in Resources */,
			);
			runOnlyForDeploymentPostprocessing = 0;
		};
		CA9C833A1A12AE9C007A116E /* Resources */ = {
			isa = PBXResourcesBuildPhase;
			buildActionMask = 2147483647;
			files = (
			);
			runOnlyForDeploymentPostprocessing = 0;
		};
/* End PBXResourcesBuildPhase section */

/* Begin PBXSourcesBuildPhase section */
		CA9C831F1A12AE9C007A116E /* Sources */ = {
			isa = PBXSourcesBuildPhase;
			buildActionMask = 2147483647;
			files = (
				CA1B3FF41A13F8C6005CAC24 /* PKPoint.m in Sources */,
				CA1B3FFE1A1452A1005CAC24 /* PKErrorBar.m in Sources */,
				CA9C832C1A12AE9C007A116E /* AppDelegate.m in Sources */,
				CA1B40021A157BD7005CAC24 /* ErrorBarSample.m in Sources */,
				CA67DEAA1A165D5700DC7C33 /* ErrorBarGroupSample.m in Sources */,
				CA67DEA71A1650B800DC7C33 /* PKErrorBarGroup.m in Sources */,
				CA9C83291A12AE9C007A116E /* main.m in Sources */,
				CA1B3FF81A13F971005CAC24 /* PKNumber.m in Sources */,
			);
			runOnlyForDeploymentPostprocessing = 0;
		};
		CA9C83381A12AE9C007A116E /* Sources */ = {
			isa = PBXSourcesBuildPhase;
			buildActionMask = 2147483647;
			files = (
				CA9C83431A12AE9C007A116E /* M13PlotKitTests.m in Sources */,
			);
			runOnlyForDeploymentPostprocessing = 0;
		};
/* End PBXSourcesBuildPhase section */

/* Begin PBXTargetDependency section */
		CA9C833E1A12AE9C007A116E /* PBXTargetDependency */ = {
			isa = PBXTargetDependency;
			target = CA9C83221A12AE9C007A116E /* M13PlotKit */;
			targetProxy = CA9C833D1A12AE9C007A116E /* PBXContainerItemProxy */;
		};
/* End PBXTargetDependency section */

/* Begin PBXVariantGroup section */
		CA9C83301A12AE9C007A116E /* Main.storyboard */ = {
			isa = PBXVariantGroup;
			children = (
				CA9C83311A12AE9C007A116E /* Base */,
			);
			name = Main.storyboard;
			sourceTree = "<group>";
		};
		CA9C83351A12AE9C007A116E /* LaunchScreen.xib */ = {
			isa = PBXVariantGroup;
			children = (
				CA9C83361A12AE9C007A116E /* Base */,
			);
			name = LaunchScreen.xib;
			sourceTree = "<group>";
		};
/* End PBXVariantGroup section */

/* Begin XCBuildConfiguration section */
		CA9C83441A12AE9C007A116E /* Debug */ = {
			isa = XCBuildConfiguration;
			buildSettings = {
				ALWAYS_SEARCH_USER_PATHS = NO;
				CLANG_CXX_LANGUAGE_STANDARD = "gnu++0x";
				CLANG_CXX_LIBRARY = "libc++";
				CLANG_ENABLE_MODULES = YES;
				CLANG_ENABLE_OBJC_ARC = YES;
				CLANG_WARN_BOOL_CONVERSION = YES;
				CLANG_WARN_CONSTANT_CONVERSION = YES;
				CLANG_WARN_DIRECT_OBJC_ISA_USAGE = YES_ERROR;
				CLANG_WARN_EMPTY_BODY = YES;
				CLANG_WARN_ENUM_CONVERSION = YES;
				CLANG_WARN_INT_CONVERSION = YES;
				CLANG_WARN_OBJC_ROOT_CLASS = YES_ERROR;
				CLANG_WARN_UNREACHABLE_CODE = YES;
				CLANG_WARN__DUPLICATE_METHOD_MATCH = YES;
				"CODE_SIGN_IDENTITY[sdk=iphoneos*]" = "iPhone Developer";
				COPY_PHASE_STRIP = NO;
				ENABLE_STRICT_OBJC_MSGSEND = YES;
				GCC_C_LANGUAGE_STANDARD = gnu99;
				GCC_DYNAMIC_NO_PIC = NO;
				GCC_OPTIMIZATION_LEVEL = 0;
				GCC_PREPROCESSOR_DEFINITIONS = (
					"DEBUG=1",
					"$(inherited)",
				);
				GCC_SYMBOLS_PRIVATE_EXTERN = NO;
				GCC_WARN_64_TO_32_BIT_CONVERSION = YES;
				GCC_WARN_ABOUT_RETURN_TYPE = YES_ERROR;
				GCC_WARN_UNDECLARED_SELECTOR = YES;
				GCC_WARN_UNINITIALIZED_AUTOS = YES_AGGRESSIVE;
				GCC_WARN_UNUSED_FUNCTION = YES;
				GCC_WARN_UNUSED_VARIABLE = YES;
				IPHONEOS_DEPLOYMENT_TARGET = 8.1;
				MTL_ENABLE_DEBUG_INFO = YES;
				ONLY_ACTIVE_ARCH = YES;
				SDKROOT = iphoneos;
				TARGETED_DEVICE_FAMILY = "1,2";
			};
			name = Debug;
		};
		CA9C83451A12AE9C007A116E /* Release */ = {
			isa = XCBuildConfiguration;
			buildSettings = {
				ALWAYS_SEARCH_USER_PATHS = NO;
				CLANG_CXX_LANGUAGE_STANDARD = "gnu++0x";
				CLANG_CXX_LIBRARY = "libc++";
				CLANG_ENABLE_MODULES = YES;
				CLANG_ENABLE_OBJC_ARC = YES;
				CLANG_WARN_BOOL_CONVERSION = YES;
				CLANG_WARN_CONSTANT_CONVERSION = YES;
				CLANG_WARN_DIRECT_OBJC_ISA_USAGE = YES_ERROR;
				CLANG_WARN_EMPTY_BODY = YES;
				CLANG_WARN_ENUM_CONVERSION = YES;
				CLANG_WARN_INT_CONVERSION = YES;
				CLANG_WARN_OBJC_ROOT_CLASS = YES_ERROR;
				CLANG_WARN_UNREACHABLE_CODE = YES;
				CLANG_WARN__DUPLICATE_METHOD_MATCH = YES;
				"CODE_SIGN_IDENTITY[sdk=iphoneos*]" = "iPhone Developer";
				COPY_PHASE_STRIP = YES;
				ENABLE_NS_ASSERTIONS = NO;
				ENABLE_STRICT_OBJC_MSGSEND = YES;
				GCC_C_LANGUAGE_STANDARD = gnu99;
				GCC_WARN_64_TO_32_BIT_CONVERSION = YES;
				GCC_WARN_ABOUT_RETURN_TYPE = YES_ERROR;
				GCC_WARN_UNDECLARED_SELECTOR = YES;
				GCC_WARN_UNINITIALIZED_AUTOS = YES_AGGRESSIVE;
				GCC_WARN_UNUSED_FUNCTION = YES;
				GCC_WARN_UNUSED_VARIABLE = YES;
				IPHONEOS_DEPLOYMENT_TARGET = 8.1;
				MTL_ENABLE_DEBUG_INFO = NO;
				SDKROOT = iphoneos;
				TARGETED_DEVICE_FAMILY = "1,2";
				VALIDATE_PRODUCT = YES;
			};
			name = Release;
		};
		CA9C83471A12AE9C007A116E /* Debug */ = {
			isa = XCBuildConfiguration;
			buildSettings = {
				ASSETCATALOG_COMPILER_APPICON_NAME = AppIcon;
				INFOPLIST_FILE = M13PlotKit/Info.plist;
				LD_RUNPATH_SEARCH_PATHS = "$(inherited) @executable_path/Frameworks";
				PRODUCT_NAME = "$(TARGET_NAME)";
			};
			name = Debug;
		};
		CA9C83481A12AE9C007A116E /* Release */ = {
			isa = XCBuildConfiguration;
			buildSettings = {
				ASSETCATALOG_COMPILER_APPICON_NAME = AppIcon;
				INFOPLIST_FILE = M13PlotKit/Info.plist;
				LD_RUNPATH_SEARCH_PATHS = "$(inherited) @executable_path/Frameworks";
				PRODUCT_NAME = "$(TARGET_NAME)";
			};
			name = Release;
		};
		CA9C834A1A12AE9C007A116E /* Debug */ = {
			isa = XCBuildConfiguration;
			buildSettings = {
				BUNDLE_LOADER = "$(TEST_HOST)";
				FRAMEWORK_SEARCH_PATHS = (
					"$(SDKROOT)/Developer/Library/Frameworks",
					"$(inherited)",
				);
				GCC_PREPROCESSOR_DEFINITIONS = (
					"DEBUG=1",
					"$(inherited)",
				);
				INFOPLIST_FILE = M13PlotKitTests/Info.plist;
				LD_RUNPATH_SEARCH_PATHS = "$(inherited) @executable_path/Frameworks @loader_path/Frameworks";
				PRODUCT_NAME = "$(TARGET_NAME)";
				TEST_HOST = "$(BUILT_PRODUCTS_DIR)/M13PlotKit.app/M13PlotKit";
			};
			name = Debug;
		};
		CA9C834B1A12AE9C007A116E /* Release */ = {
			isa = XCBuildConfiguration;
			buildSettings = {
				BUNDLE_LOADER = "$(TEST_HOST)";
				FRAMEWORK_SEARCH_PATHS = (
					"$(SDKROOT)/Developer/Library/Frameworks",
					"$(inherited)",
				);
				INFOPLIST_FILE = M13PlotKitTests/Info.plist;
				LD_RUNPATH_SEARCH_PATHS = "$(inherited) @executable_path/Frameworks @loader_path/Frameworks";
				PRODUCT_NAME = "$(TARGET_NAME)";
				TEST_HOST = "$(BUILT_PRODUCTS_DIR)/M13PlotKit.app/M13PlotKit";
			};
			name = Release;
		};
/* End XCBuildConfiguration section */

/* Begin XCConfigurationList section */
		CA9C831E1A12AE9C007A116E /* Build configuration list for PBXProject "M13PlotKit" */ = {
			isa = XCConfigurationList;
			buildConfigurations = (
				CA9C83441A12AE9C007A116E /* Debug */,
				CA9C83451A12AE9C007A116E /* Release */,
			);
			defaultConfigurationIsVisible = 0;
			defaultConfigurationName = Release;
		};
		CA9C83461A12AE9C007A116E /* Build configuration list for PBXNativeTarget "M13PlotKit" */ = {
			isa = XCConfigurationList;
			buildConfigurations = (
				CA9C83471A12AE9C007A116E /* Debug */,
				CA9C83481A12AE9C007A116E /* Release */,
			);
			defaultConfigurationIsVisible = 0;
			defaultConfigurationName = Release;
		};
		CA9C83491A12AE9C007A116E /* Build configuration list for PBXNativeTarget "M13PlotKitTests" */ = {
			isa = XCConfigurationList;
			buildConfigurations = (
				CA9C834A1A12AE9C007A116E /* Debug */,
				CA9C834B1A12AE9C007A116E /* Release */,
			);
			defaultConfigurationIsVisible = 0;
			defaultConfigurationName = Release;
		};
/* End XCConfigurationList section */
	};
	rootObject = CA9C831B1A12AE9C007A116E /* Project object */;
}
